<?xml version="1.0" encoding="utf-8"?>
<Project ToolsVersion="16.0" xmlns="http://schemas.microsoft.com/developer/msbuild/2003">
  <ItemGroup>
    <ClCompile Include="C:\dlib-19.21\dlib\cuda\cudnn_dlibapi.cpp">
      <Filter>Source Files</Filter>
    </ClCompile>
  </ItemGroup>
  <ItemGroup>
    <CustomBuild Include="C:\dlib-19.21\dlib\cmake_utils\test_for_cudnn\CMakeLists.txt" />
  </ItemGroup>
  <ItemGroup>
    <None Include="C:\Program Files\NVIDIA GPU Computing Toolkit\CUDA\v10.1\lib\x64\cudnn.lib" />
  </ItemGroup>
  <ItemGroup>
    <Filter Include="Source Files">
      <UniqueIdentifier>{79621BCF-6FA3-3C21-8498-FBC38C692605}</UniqueIdentifier>
    </Filter>
  </ItemGroup>
</Project>
